// !$*UTF8*$!
{
	archiveVersion = 1;
	classes = {
	};
	objectVersion = 46;
	objects = {

/* Begin PBXBuildFile section */
		770B37ED0679A11B001EADE2 /* WebPresenter_DataModel.xcdatamodel in Sources */ = {isa = PBXBuildFile; fileRef = 770B37EC0679A11B001EADE2 /* WebPresenter_DataModel.xcdatamodel */; };
		77C8280E06725ACE000B614F /* MainController.m in Sources */ = {isa = PBXBuildFile; fileRef = 77C8280C06725ACE000B614F /* MainController.m */; };
		8D11072A0486CEB800E47090 /* MainMenu.nib in Resources */ = {isa = PBXBuildFile; fileRef = 29B97318FDCFA39411CA2CEA /* MainMenu.nib */; };
		8D11072B0486CEB800E47090 /* InfoPlist.strings in Resources */ = {isa = PBXBuildFile; fileRef = 089C165CFE840E0CC02AAC07 /* InfoPlist.strings */; };
		8D11072D0486CEB800E47090 /* main.m in Sources */ = {isa = PBXBuildFile; fileRef = 29B97316FDCFA39411CA2CEA /* main.m */; settings = {ATTRIBUTES = (); }; };
		8D11072F0486CEB800E47090 /* Cocoa.framework in Frameworks */ = {isa = PBXBuildFile; fileRef = 1058C7A1FEA54F0111CA2CBB /* Cocoa.framework */; };
		B606D0D10A14E27600191F50 /* WebKit.framework in Frameworks */ = {isa = PBXBuildFile; fileRef = B6CE21780A0A8890004B433D /* WebKit.framework */; };
		B62E3AAA0A1E44D9009551A1 /* TransitionViewSetup.m in Sources */ = {isa = PBXBuildFile; fileRef = B62E3AA90A1E44D9009551A1 /* TransitionViewSetup.m */; };
		B633ECAB0A24B594002EE516 /* Backside.jpg in Resources */ = {isa = PBXBuildFile; fileRef = B633ECAA0A24B594002EE516 /* Backside.jpg */; };
		B638B6830A0A5A810070C641 /* TransitionView.m in Sources */ = {isa = PBXBuildFile; fileRef = B638B6820A0A5A810070C641 /* TransitionView.m */; };
		B638B7360A0A697B0070C641 /* Blank.jpg in Resources */ = {isa = PBXBuildFile; fileRef = B638B7330A0A697B0070C641 /* Blank.jpg */; };
		B638B7370A0A697B0070C641 /* Mask.jpg in Resources */ = {isa = PBXBuildFile; fileRef = B638B7340A0A697B0070C641 /* Mask.jpg */; };
		B638B7380A0A697B0070C641 /* Shading.tiff in Resources */ = {isa = PBXBuildFile; fileRef = B638B7350A0A697B0070C641 /* Shading.tiff */; };
		B6489A680A1BC34400015007 /* OpenGL.framework in Frameworks */ = {isa = PBXBuildFile; fileRef = B6489A670A1BC34400015007 /* OpenGL.framework */; };
		B6713C5D0A14F327009F97B1 /* QuartzCore.framework in Frameworks */ = {isa = PBXBuildFile; fileRef = B6713C5C0A14F327009F97B1 /* QuartzCore.framework */; };
		B6C5BDB20A23639800EBA611 /* Loading.jpg in Resources */ = {isa = PBXBuildFile; fileRef = B6C5BDB10A23639800EBA611 /* Loading.jpg */; };
		B6EB3DD40A13E7130071D91B /* FullScreenWindow.m in Sources */ = {isa = PBXBuildFile; fileRef = B6EB3DD30A13E7130071D91B /* FullScreenWindow.m */; };
		B6FDFFB10A0BA53900FDA846 /* Play.tif in Resources */ = {isa = PBXBuildFile; fileRef = B6FDFFAF0A0BA53900FDA846 /* Play.tif */; };
		B6FDFFB20A0BA53900FDA846 /* Stop.tif in Resources */ = {isa = PBXBuildFile; fileRef = B6FDFFB00A0BA53900FDA846 /* Stop.tif */; };
/* End PBXBuildFile section */

/* Begin PBXFileReference section */
		089C165DFE840E0CC02AAC07 /* English */ = {isa = PBXFileReference; fileEncoding = 10; lastKnownFileType = text.plist.strings; name = English; path = English.lproj/InfoPlist.strings; sourceTree = "<group>"; };
		1058C7A1FEA54F0111CA2CBB /* Cocoa.framework */ = {isa = PBXFileReference; lastKnownFileType = wrapper.framework; name = Cocoa.framework; path = /System/Library/Frameworks/Cocoa.framework; sourceTree = "<absolute>"; };
		29B97316FDCFA39411CA2CEA /* main.m */ = {isa = PBXFileReference; fileEncoding = 4; lastKnownFileType = sourcecode.c.objc; path = main.m; sourceTree = "<group>"; };
		29B97319FDCFA39411CA2CEA /* English */ = {isa = PBXFileReference; lastKnownFileType = wrapper.nib; name = English; path = English.lproj/MainMenu.nib; sourceTree = "<group>"; };
		29B97324FDCFA39411CA2CEA /* AppKit.framework */ = {isa = PBXFileReference; lastKnownFileType = wrapper.framework; name = AppKit.framework; path = /System/Library/Frameworks/AppKit.framework; sourceTree = "<absolute>"; };
		29B97325FDCFA39411CA2CEA /* Foundation.framework */ = {isa = PBXFileReference; lastKnownFileType = wrapper.framework; name = Foundation.framework; path = /System/Library/Frameworks/Foundation.framework; sourceTree = "<absolute>"; };
		32CA4F630368D1EE00C91783 /* WebPresenter_Prefix.pch */ = {isa = PBXFileReference; fileEncoding = 4; lastKnownFileType = sourcecode.c.h; path = WebPresenter_Prefix.pch; sourceTree = "<group>"; };
		770B37EC0679A11B001EADE2 /* WebPresenter_DataModel.xcdatamodel */ = {isa = PBXFileReference; fileEncoding = 4; lastKnownFileType = wrapper.xcdatamodel; path = WebPresenter_DataModel.xcdatamodel; sourceTree = "<group>"; };
		77C82804067257F0000B614F /* CoreData.framework */ = {isa = PBXFileReference; lastKnownFileType = wrapper.framework; name = CoreData.framework; path = /System/Library/Frameworks/CoreData.framework; sourceTree = "<absolute>"; };
		77C8280B06725ACE000B614F /* MainController.h */ = {isa = PBXFileReference; fileEncoding = 4; lastKnownFileType = sourcecode.c.h; path = MainController.h; sourceTree = "<group>"; };
		77C8280C06725ACE000B614F /* MainController.m */ = {isa = PBXFileReference; fileEncoding = 4; lastKnownFileType = sourcecode.c.objc; path = MainController.m; sourceTree = "<group>"; };
		8D1107310486CEB800E47090 /* Info.plist */ = {isa = PBXFileReference; fileEncoding = 4; lastKnownFileType = text.plist; path = Info.plist; sourceTree = "<group>"; };
		8D1107320486CEB800E47090 /* WebPresenter.app */ = {isa = PBXFileReference; explicitFileType = wrapper.application; includeInIndex = 0; path = WebPresenter.app; sourceTree = BUILT_PRODUCTS_DIR; };
		B62E3AA90A1E44D9009551A1 /* TransitionViewSetup.m */ = {isa = PBXFileReference; fileEncoding = 30; lastKnownFileType = sourcecode.c.objc; path = TransitionViewSetup.m; sourceTree = "<group>"; };
		B633ECAA0A24B594002EE516 /* Backside.jpg */ = {isa = PBXFileReference; lastKnownFileType = image.jpeg; path = Backside.jpg; sourceTree = "<group>"; };
		B638B6810A0A5A810070C641 /* TransitionView.h */ = {isa = PBXFileReference; fileEncoding = 4; lastKnownFileType = sourcecode.c.h; path = TransitionView.h; sourceTree = "<group>"; };
		B638B6820A0A5A810070C641 /* TransitionView.m */ = {isa = PBXFileReference; fileEncoding = 4; lastKnownFileType = sourcecode.c.objc; path = TransitionView.m; sourceTree = "<group>"; };
		B638B7330A0A697B0070C641 /* Blank.jpg */ = {isa = PBXFileReference; lastKnownFileType = image.jpeg; path = Blank.jpg; sourceTree = "<group>"; };
		B638B7340A0A697B0070C641 /* Mask.jpg */ = {isa = PBXFileReference; lastKnownFileType = image.jpeg; path = Mask.jpg; sourceTree = "<group>"; };
		B638B7350A0A697B0070C641 /* Shading.tiff */ = {isa = PBXFileReference; lastKnownFileType = image.tiff; path = Shading.tiff; sourceTree = "<group>"; };
		B6489A670A1BC34400015007 /* OpenGL.framework */ = {isa = PBXFileReference; lastKnownFileType = wrapper.framework; name = OpenGL.framework; path = /System/Library/Frameworks/OpenGL.framework; sourceTree = "<absolute>"; };
		B6713C5C0A14F327009F97B1 /* QuartzCore.framework */ = {isa = PBXFileReference; lastKnownFileType = wrapper.framework; name = QuartzCore.framework; path = /System/Library/Frameworks/QuartzCore.framework; sourceTree = "<absolute>"; };
		B6C5BDB10A23639800EBA611 /* Loading.jpg */ = {isa = PBXFileReference; lastKnownFileType = image.jpeg; path = Loading.jpg; sourceTree = "<group>"; };
		B6CE21780A0A8890004B433D /* WebKit.framework */ = {isa = PBXFileReference; lastKnownFileType = wrapper.framework; name = WebKit.framework; path = /System/Library/Frameworks/WebKit.framework; sourceTree = "<absolute>"; };
		B6EB3DD20A13E7130071D91B /* FullScreenWindow.h */ = {isa = PBXFileReference; fileEncoding = 4; lastKnownFileType = sourcecode.c.h; path = FullScreenWindow.h; sourceTree = "<group>"; };
		B6EB3DD30A13E7130071D91B /* FullScreenWindow.m */ = {isa = PBXFileReference; fileEncoding = 4; lastKnownFileType = sourcecode.c.objc; path = FullScreenWindow.m; sourceTree = "<group>"; };
		B6FDFFAF0A0BA53900FDA846 /* Play.tif */ = {isa = PBXFileReference; lastKnownFileType = image.tiff; path = Play.tif; sourceTree = "<group>"; };
		B6FDFFB00A0BA53900FDA846 /* Stop.tif */ = {isa = PBXFileReference; lastKnownFileType = image.tiff; path = Stop.tif; sourceTree = "<group>"; };
/* End PBXFileReference section */

/* Begin PBXFrameworksBuildPhase section */
		8D11072E0486CEB800E47090 /* Frameworks */ = {
			isa = PBXFrameworksBuildPhase;
			buildActionMask = 2147483647;
			files = (
				8D11072F0486CEB800E47090 /* Cocoa.framework in Frameworks */,
				B606D0D10A14E27600191F50 /* WebKit.framework in Frameworks */,
				B6713C5D0A14F327009F97B1 /* QuartzCore.framework in Frameworks */,
				B6489A680A1BC34400015007 /* OpenGL.framework in Frameworks */,
			);
			runOnlyForDeploymentPostprocessing = 0;
		};
/* End PBXFrameworksBuildPhase section */

/* Begin PBXGroup section */
		080E96DDFE201D6D7F000001 /* Classes */ = {
			isa = PBXGroup;
			children = (
				B6EB3DD20A13E7130071D91B /* FullScreenWindow.h */,
				B6EB3DD30A13E7130071D91B /* FullScreenWindow.m */,
				77C8280B06725ACE000B614F /* MainController.h */,
				77C8280C06725ACE000B614F /* MainController.m */,
				B638B6810A0A5A810070C641 /* TransitionView.h */,
				B638B6820A0A5A810070C641 /* TransitionView.m */,
				B62E3AA90A1E44D9009551A1 /* TransitionViewSetup.m */,
			);
			name = Classes;
			sourceTree = "<group>";
		};
		1058C7A0FEA54F0111CA2CBB /* Linked Frameworks */ = {
			isa = PBXGroup;
			children = (
				1058C7A1FEA54F0111CA2CBB /* Cocoa.framework */,
				B6489A670A1BC34400015007 /* OpenGL.framework */,
				B6713C5C0A14F327009F97B1 /* QuartzCore.framework */,
				B6CE21780A0A8890004B433D /* WebKit.framework */,
			);
			name = "Linked Frameworks";
			sourceTree = "<group>";
		};
		1058C7A2FEA54F0111CA2CBB /* Other Frameworks */ = {
			isa = PBXGroup;
			children = (
				29B97324FDCFA39411CA2CEA /* AppKit.framework */,
				77C82804067257F0000B614F /* CoreData.framework */,
				29B97325FDCFA39411CA2CEA /* Foundation.framework */,
			);
			name = "Other Frameworks";
			sourceTree = "<group>";
		};
		19C28FACFE9D520D11CA2CBB /* Products */ = {
			isa = PBXGroup;
			children = (
				8D1107320486CEB800E47090 /* WebPresenter.app */,
			);
			name = Products;
			sourceTree = "<group>";
		};
		29B97314FDCFA39411CA2CEA /* WebPresenter */ = {
			isa = PBXGroup;
			children = (
				7756732906782D8800D1FEB8 /* Models */,
				080E96DDFE201D6D7F000001 /* Classes */,
				29B97315FDCFA39411CA2CEA /* Other Sources */,
				29B97317FDCFA39411CA2CEA /* Resources */,
				29B97323FDCFA39411CA2CEA /* Frameworks */,
				19C28FACFE9D520D11CA2CBB /* Products */,
			);
			name = WebPresenter;
			sourceTree = "<group>";
		};
		29B97315FDCFA39411CA2CEA /* Other Sources */ = {
			isa = PBXGroup;
			children = (
				32CA4F630368D1EE00C91783 /* WebPresenter_Prefix.pch */,
				29B97316FDCFA39411CA2CEA /* main.m */,
			);
			name = "Other Sources";
			sourceTree = "<group>";
		};
		29B97317FDCFA39411CA2CEA /* Resources */ = {
			isa = PBXGroup;
			children = (
				B633ECAA0A24B594002EE516 /* Backside.jpg */,
				B638B7330A0A697B0070C641 /* Blank.jpg */,
				8D1107310486CEB800E47090 /* Info.plist */,
				089C165CFE840E0CC02AAC07 /* InfoPlist.strings */,
				B6C5BDB10A23639800EBA611 /* Loading.jpg */,
				29B97318FDCFA39411CA2CEA /* MainMenu.nib */,
				B638B7340A0A697B0070C641 /* Mask.jpg */,
				B6FDFFAF0A0BA53900FDA846 /* Play.tif */,
				B638B7350A0A697B0070C641 /* Shading.tiff */,
				B6FDFFB00A0BA53900FDA846 /* Stop.tif */,
			);
			name = Resources;
			sourceTree = "<group>";
		};
		29B97323FDCFA39411CA2CEA /* Frameworks */ = {
			isa = PBXGroup;
			children = (
				1058C7A0FEA54F0111CA2CBB /* Linked Frameworks */,
				1058C7A2FEA54F0111CA2CBB /* Other Frameworks */,
			);
			name = Frameworks;
			sourceTree = "<group>";
		};
		7756732906782D8800D1FEB8 /* Models */ = {
			isa = PBXGroup;
			children = (
				770B37EC0679A11B001EADE2 /* WebPresenter_DataModel.xcdatamodel */,
			);
			name = Models;
			sourceTree = "<group>";
		};
/* End PBXGroup section */

/* Begin PBXNativeTarget section */
		8D1107260486CEB800E47090 /* WebPresenter */ = {
			isa = PBXNativeTarget;
			buildConfigurationList = 26FC0A840875C7B200E6366F /* Build configuration list for PBXNativeTarget "WebPresenter" */;
			buildPhases = (
				8D1107290486CEB800E47090 /* Resources */,
				8D11072C0486CEB800E47090 /* Sources */,
				8D11072E0486CEB800E47090 /* Frameworks */,
			);
			buildRules = (
			);
			dependencies = (
			);
			name = WebPresenter;
			productInstallPath = "$(HOME)/Applications";
			productName = WebPresenter;
			productReference = 8D1107320486CEB800E47090 /* WebPresenter.app */;
			productType = "com.apple.product-type.application";
		};
/* End PBXNativeTarget section */

/* Begin PBXProject section */
		29B97313FDCFA39411CA2CEA /* Project object */ = {
			isa = PBXProject;
			buildConfigurationList = 26FC0A880875C7B200E6366F /* Build configuration list for PBXProject "WebPresenter" */;
			compatibilityVersion = "Xcode 3.2";
			developmentRegion = English;
			hasScannedForEncodings = 1;
			knownRegions = (
				en,
			);
			mainGroup = 29B97314FDCFA39411CA2CEA /* WebPresenter */;
			projectDirPath = "";
			projectRoot = "";
			targets = (
				8D1107260486CEB800E47090 /* WebPresenter */,
			);
		};
/* End PBXProject section */

/* Begin PBXResourcesBuildPhase section */
		8D1107290486CEB800E47090 /* Resources */ = {
			isa = PBXResourcesBuildPhase;
			buildActionMask = 2147483647;
			files = (
				8D11072A0486CEB800E47090 /* MainMenu.nib in Resources */,
				8D11072B0486CEB800E47090 /* InfoPlist.strings in Resources */,
				B638B7360A0A697B0070C641 /* Blank.jpg in Resources */,
				B638B7370A0A697B0070C641 /* Mask.jpg in Resources */,
				B638B7380A0A697B0070C641 /* Shading.tiff in Resources */,
				B6FDFFB10A0BA53900FDA846 /* Play.tif in Resources */,
				B6FDFFB20A0BA53900FDA846 /* Stop.tif in Resources */,
				B6C5BDB20A23639800EBA611 /* Loading.jpg in Resources */,
				B633ECAB0A24B594002EE516 /* Backside.jpg in Resources */,
			);
			runOnlyForDeploymentPostprocessing = 0;
		};
/* End PBXResourcesBuildPhase section */

/* Begin PBXSourcesBuildPhase section */
		8D11072C0486CEB800E47090 /* Sources */ = {
			isa = PBXSourcesBuildPhase;
			buildActionMask = 2147483647;
			files = (
				8D11072D0486CEB800E47090 /* main.m in Sources */,
				77C8280E06725ACE000B614F /* MainController.m in Sources */,
				770B37ED0679A11B001EADE2 /* WebPresenter_DataModel.xcdatamodel in Sources */,
				B638B6830A0A5A810070C641 /* TransitionView.m in Sources */,
				B6EB3DD40A13E7130071D91B /* FullScreenWindow.m in Sources */,
				B62E3AAA0A1E44D9009551A1 /* TransitionViewSetup.m in Sources */,
			);
			runOnlyForDeploymentPostprocessing = 0;
		};
/* End PBXSourcesBuildPhase section */

/* Begin PBXVariantGroup section */
		089C165CFE840E0CC02AAC07 /* InfoPlist.strings */ = {
			isa = PBXVariantGroup;
			children = (
				089C165DFE840E0CC02AAC07 /* English */,
			);
			name = InfoPlist.strings;
			sourceTree = "<group>";
		};
		29B97318FDCFA39411CA2CEA /* MainMenu.nib */ = {
			isa = PBXVariantGroup;
			children = (
				29B97319FDCFA39411CA2CEA /* English */,
			);
			name = MainMenu.nib;
			sourceTree = "<group>";
		};
/* End PBXVariantGroup section */

/* Begin XCBuildConfiguration section */
		26FC0A850875C7B200E6366F /* Debug */ = {
			isa = XCBuildConfiguration;
			buildSettings = {
				ARCHS = "$(ARCHS_STANDARD_32_64_BIT)";
				COPY_PHASE_STRIP = NO;
				DEBUG_INFORMATION_FORMAT = dwarf;
				GCC_DYNAMIC_NO_PIC = NO;
				GCC_ENABLE_FIX_AND_CONTINUE = YES;
				GCC_ENABLE_OBJC_EXCEPTIONS = YES;
				GCC_MODEL_TUNING = G5;
				GCC_OPTIMIZATION_LEVEL = 0;
				GCC_PRECOMPILE_PREFIX_HEADER = YES;
				GCC_PREFIX_HEADER = WebPresenter_Prefix.pch;
				GCC_VERSION = com.apple.compilers.llvm.clang.1_0;
				INFOPLIST_FILE = Info.plist;
				INSTALL_PATH = "$(HOME)/Applications";
				MACOSX_DEPLOYMENT_TARGET = 10.6;
				PRODUCT_NAME = WebPresenter;
				SDKROOT = macosx;
				WRAPPER_EXTENSION = app;
				ZERO_LINK = YES;
			};
			name = Debug;
		};
		26FC0A860875C7B200E6366F /* Release */ = {
			isa = XCBuildConfiguration;
			buildSettings = {
				ARCHS = "$(ARCHS_STANDARD_32_64_BIT)";
				DEBUG_INFORMATION_FORMAT = "dwarf-with-dsym";
				GCC_ENABLE_OBJC_EXCEPTIONS = YES;
				GCC_GENERATE_DEBUGGING_SYMBOLS = NO;
				GCC_MODEL_TUNING = G5;
				GCC_PRECOMPILE_PREFIX_HEADER = YES;
				GCC_PREFIX_HEADER = WebPresenter_Prefix.pch;
				GCC_VERSION = com.apple.compilers.llvm.clang.1_0;
				INFOPLIST_FILE = Info.plist;
				INSTALL_PATH = "$(HOME)/Applications";
				MACOSX_DEPLOYMENT_TARGET = 10.6;
				PRODUCT_NAME = WebPresenter;
				SDKROOT = macosx;
				WRAPPER_EXTENSION = app;
			};
			name = Release;
		};
		26FC0A890875C7B200E6366F /* Debug */ = {
			isa = XCBuildConfiguration;
			buildSettings = {
				ARCHS = (
					ppc,
					i386,
				);
				DEAD_CODE_STRIPPING = NO;
				GCC_WARN_ABOUT_RETURN_TYPE = NO;
				GCC_WARN_UNUSED_VARIABLE = NO;
				PREBINDING = NO;
				SDKROOT = macosx10.6;
			};
			name = Debug;
		};
		26FC0A8A0875C7B200E6366F /* Release */ = {
			isa = XCBuildConfiguration;
			buildSettings = {
				ARCHS = (
					ppc,
					i386,
				);
				DEAD_CODE_STRIPPING = YES;
				GCC_WARN_ABOUT_RETURN_TYPE = NO;
				GCC_WARN_UNUSED_VARIABLE = NO;
				MACOSX_DEPLOYMENT_TARGET = 10.4;
				PREBINDING = NO;
				SDKROOT = macosx10.6;
			};
			name = Release;
		};
/* End XCBuildConfiguration section */

/* Begin XCConfigurationList section */
		26FC0A840875C7B200E6366F /* Build configuration list for PBXNativeTarget "WebPresenter" */ = {
			isa = XCConfigurationList;
			buildConfigurations = (
				26FC0A850875C7B200E6366F /* Debug */,
				26FC0A860875C7B200E6366F /* Release */,
			);
			defaultConfigurationIsVisible = 0;
			defaultConfigurationName = Release;
		};
		26FC0A880875C7B200E6366F /* Build configuration list for PBXProject "WebPresenter" */ = {
			isa = XCConfigurationList;
			buildConfigurations = (
				26FC0A890875C7B200E6366F /* Debug */,
				26FC0A8A0875C7B200E6366F /* Release */,
			);
			defaultConfigurationIsVisible = 0;
			defaultConfigurationName = Release;
		};
/* End XCConfigurationList section */
	};
	rootObject = 29B97313FDCFA39411CA2CEA /* Project object */;
}
